
Microsoft Visual Studio Solution File, Format Version 12.00
# Visual Studio Version 17
VisualStudioVersion = 17.1.32210.238
MinimumVisualStudioVersion = 10.0.40219.1
Project("{FAE04EC0-301F-11D3-BF4B-00C04F79EFBC}") = "Date", "Date.csproj", "{E33386FF-D7D2-4707-8919-B083F9983229}"
EndProject
Project("{2150E333-8FDC-42A3-9474-1A3956D46DE8}") = "Solution Items", "Solution Items", "{2BBCE4B4-6C6B-41E0-803F-6D5DC2F2D990}"
	ProjectSection(SolutionItems) = preProject
		Icon1.ico = Icon1.ico
		Icon2.ico = Icon2.ico
	EndProjectSection
EndProject
Global
	GlobalSection(SolutionConfigurationPlatforms) = preSolution
		Debug|Any CPU = Debug|Any CPU
		Release|Any CPU = Release|Any CPU
	EndGlobalSection
	GlobalSection(ProjectConfigurationPlatforms) = postSolution
		{E33386FF-D7D2-4707-8919-B083F9983229}.Debug|Any CPU.ActiveCfg = Debug|Any CPU
		{E33386FF-D7D2-4707-8919-B083F9983229}.Debug|Any CPU.Build.0 = Debug|Any CPU
		{E33386FF-D7D2-4707-8919-B083F9983229}.Release|Any CPU.ActiveCfg = Release|Any CPU
		{E33386FF-D7D2-4707-8919-B083F9983229}.Release|Any CPU.Build.0 = Release|Any CPU
	EndGlobalSection
	GlobalSection(SolutionProperties) = preSolution
		HideSolutionNode = FALSE
	EndGlobalSection
	GlobalSection(ExtensibilityGlobals) = postSolution
		SolutionGuid = {DA187EDC-A8E9-4F03-84D0-71F68F74AB51}
	EndGlobalSection
EndGlobal
